
Microsoft Visual Studio Solution File, Format Version 12.00
# Visual Studio 15
VisualStudioVersion = 15.0.27703.2026
MinimumVisualStudioVersion = 10.0.40219.1
Project("{FAE04EC0-301F-11D3-BF4B-00C04F79EFBC}") = "01IDisposable", "01IDisposable\01IDisposable.csproj", "{654A6AA6-549B-4040-87E6-5C21C5EA09FB}"
EndProject
Project("{FAE04EC0-301F-11D3-BF4B-00C04F79EFBC}") = "02IEnumerable", "..\02IEnumerable\02IEnumerable.csproj", "{775FEFB2-0BBB-4B50-84A6-57CE34A9BF57}"
EndProject
Project("{FAE04EC0-301F-11D3-BF4B-00C04F79EFBC}") = "03IEnumerable", "03IEnumerable\03IEnumerable.csproj", "{8064BF97-5397-4FF6-810A-5E892179FAC6}"
EndProject
Global
	GlobalSection(SolutionConfigurationPlatforms) = preSolution
		Debug|Any CPU = Debug|Any CPU
		Release|Any CPU = Release|Any CPU
	EndGlobalSection
	GlobalSection(ProjectConfigurationPlatforms) = postSolution
		{654A6AA6-549B-4040-87E6-5C21C5EA09FB}.Debug|Any CPU.ActiveCfg = Debug|Any CPU
		{654A6AA6-549B-4040-87E6-5C21C5EA09FB}.Debug|Any CPU.Build.0 = Debug|Any CPU
		{654A6AA6-549B-4040-87E6-5C21C5EA09FB}.Release|Any CPU.ActiveCfg = Release|Any CPU
		{654A6AA6-549B-4040-87E6-5C21C5EA09FB}.Release|Any CPU.Build.0 = Release|Any CPU
		{775FEFB2-0BBB-4B50-84A6-57CE34A9BF57}.Debug|Any CPU.ActiveCfg = Debug|Any CPU
		{775FEFB2-0BBB-4B50-84A6-57CE34A9BF57}.Debug|Any CPU.Build.0 = Debug|Any CPU
		{775FEFB2-0BBB-4B50-84A6-57CE34A9BF57}.Release|Any CPU.ActiveCfg = Release|Any CPU
		{775FEFB2-0BBB-4B50-84A6-57CE34A9BF57}.Release|Any CPU.Build.0 = Release|Any CPU
		{8064BF97-5397-4FF6-810A-5E892179FAC6}.Debug|Any CPU.ActiveCfg = Debug|Any CPU
		{8064BF97-5397-4FF6-810A-5E892179FAC6}.Debug|Any CPU.Build.0 = Debug|Any CPU
		{8064BF97-5397-4FF6-810A-5E892179FAC6}.Release|Any CPU.ActiveCfg = Release|Any CPU
		{8064BF97-5397-4FF6-810A-5E892179FAC6}.Release|Any CPU.Build.0 = Release|Any CPU
	EndGlobalSection
	GlobalSection(SolutionProperties) = preSolution
		HideSolutionNode = FALSE
	EndGlobalSection
	GlobalSection(ExtensibilityGlobals) = postSolution
		SolutionGuid = {1488917D-0D25-42B9-AA72-952469D06643}
	EndGlobalSection
EndGlobal
