
Microsoft Visual Studio Solution File, Format Version 12.00
# Visual Studio 15
VisualStudioVersion = 15.0.27703.2026
MinimumVisualStudioVersion = 10.0.40219.1
Project("{9A19103F-16F7-4668-BE54-9A1E7A4F7556}") = "09DelegateDef", "09DelegateDef\09DelegateDef.csproj", "{D1CE9B4E-74C1-4F02-AE62-761C93D99CDA}"
EndProject
Project("{9A19103F-16F7-4668-BE54-9A1E7A4F7556}") = "10DelegateExample", "10DelegateExample\10DelegateExample.csproj", "{C67F3D49-2000-4D69-A467-30A0B96D8C70}"
EndProject
Project("{FAE04EC0-301F-11D3-BF4B-00C04F79EFBC}") = "11FuncActionLambda", "11FuncActionLambda\11FuncActionLambda.csproj", "{6AFDB3BF-06F5-4D80-998D-6B55595AA451}"
EndProject
Global
	GlobalSection(SolutionConfigurationPlatforms) = preSolution
		Debug|Any CPU = Debug|Any CPU
		Release|Any CPU = Release|Any CPU
	EndGlobalSection
	GlobalSection(ProjectConfigurationPlatforms) = postSolution
		{D1CE9B4E-74C1-4F02-AE62-761C93D99CDA}.Debug|Any CPU.ActiveCfg = Debug|Any CPU
		{D1CE9B4E-74C1-4F02-AE62-761C93D99CDA}.Debug|Any CPU.Build.0 = Debug|Any CPU
		{D1CE9B4E-74C1-4F02-AE62-761C93D99CDA}.Release|Any CPU.ActiveCfg = Release|Any CPU
		{D1CE9B4E-74C1-4F02-AE62-761C93D99CDA}.Release|Any CPU.Build.0 = Release|Any CPU
		{C67F3D49-2000-4D69-A467-30A0B96D8C70}.Debug|Any CPU.ActiveCfg = Debug|Any CPU
		{C67F3D49-2000-4D69-A467-30A0B96D8C70}.Debug|Any CPU.Build.0 = Debug|Any CPU
		{C67F3D49-2000-4D69-A467-30A0B96D8C70}.Release|Any CPU.ActiveCfg = Release|Any CPU
		{C67F3D49-2000-4D69-A467-30A0B96D8C70}.Release|Any CPU.Build.0 = Release|Any CPU
		{6AFDB3BF-06F5-4D80-998D-6B55595AA451}.Debug|Any CPU.ActiveCfg = Debug|Any CPU
		{6AFDB3BF-06F5-4D80-998D-6B55595AA451}.Debug|Any CPU.Build.0 = Debug|Any CPU
		{6AFDB3BF-06F5-4D80-998D-6B55595AA451}.Release|Any CPU.ActiveCfg = Release|Any CPU
		{6AFDB3BF-06F5-4D80-998D-6B55595AA451}.Release|Any CPU.Build.0 = Release|Any CPU
	EndGlobalSection
	GlobalSection(SolutionProperties) = preSolution
		HideSolutionNode = FALSE
	EndGlobalSection
	GlobalSection(ExtensibilityGlobals) = postSolution
		SolutionGuid = {AF7B0878-A6D5-494A-8043-5ABF571BD191}
	EndGlobalSection
EndGlobal
