
Microsoft Visual Studio Solution File, Format Version 12.00
# Visual Studio 15
VisualStudioVersion = 15.0.27703.2026
MinimumVisualStudioVersion = 10.0.40219.1
Project("{FAE04EC0-301F-11D3-BF4B-00C04F79EFBC}") = "06Log4Net", "06Log4Net\06Log4Net.csproj", "{1BA84767-655E-49E4-B89B-1DD883E666CD}"
EndProject
Project("{FAE04EC0-301F-11D3-BF4B-00C04F79EFBC}") = "07Serilog", "07Serilog\07Serilog.csproj", "{F1BE4152-0877-4FB1-9D39-B526D2B094F5}"
EndProject
Global
	GlobalSection(SolutionConfigurationPlatforms) = preSolution
		Debug|Any CPU = Debug|Any CPU
		Release|Any CPU = Release|Any CPU
	EndGlobalSection
	GlobalSection(ProjectConfigurationPlatforms) = postSolution
		{1BA84767-655E-49E4-B89B-1DD883E666CD}.Debug|Any CPU.ActiveCfg = Debug|Any CPU
		{1BA84767-655E-49E4-B89B-1DD883E666CD}.Debug|Any CPU.Build.0 = Debug|Any CPU
		{1BA84767-655E-49E4-B89B-1DD883E666CD}.Release|Any CPU.ActiveCfg = Release|Any CPU
		{1BA84767-655E-49E4-B89B-1DD883E666CD}.Release|Any CPU.Build.0 = Release|Any CPU
		{F1BE4152-0877-4FB1-9D39-B526D2B094F5}.Debug|Any CPU.ActiveCfg = Debug|Any CPU
		{F1BE4152-0877-4FB1-9D39-B526D2B094F5}.Debug|Any CPU.Build.0 = Debug|Any CPU
		{F1BE4152-0877-4FB1-9D39-B526D2B094F5}.Release|Any CPU.ActiveCfg = Release|Any CPU
		{F1BE4152-0877-4FB1-9D39-B526D2B094F5}.Release|Any CPU.Build.0 = Release|Any CPU
	EndGlobalSection
	GlobalSection(SolutionProperties) = preSolution
		HideSolutionNode = FALSE
	EndGlobalSection
	GlobalSection(ExtensibilityGlobals) = postSolution
		SolutionGuid = {B0737939-CDF4-4F54-A7E5-48AB0567D6AE}
	EndGlobalSection
EndGlobal
