
Microsoft Visual Studio Solution File, Format Version 12.00
# Visual Studio 15
VisualStudioVersion = 15.0.27703.2026
MinimumVisualStudioVersion = 10.0.40219.1
Project("{9A19103F-16F7-4668-BE54-9A1E7A4F7556}") = "01IEnumerableT", "01IEnumerableT\01IEnumerableT.csproj", "{46371E77-43ED-4B8A-8D35-7069861235EA}"
EndProject
Project("{FAE04EC0-301F-11D3-BF4B-00C04F79EFBC}") = "02Exceptions", "02Exceptions\02Exceptions.csproj", "{3044BB67-A7D3-462B-B003-037E0606F2B6}"
EndProject
Global
	GlobalSection(SolutionConfigurationPlatforms) = preSolution
		Debug|Any CPU = Debug|Any CPU
		Release|Any CPU = Release|Any CPU
	EndGlobalSection
	GlobalSection(ProjectConfigurationPlatforms) = postSolution
		{46371E77-43ED-4B8A-8D35-7069861235EA}.Debug|Any CPU.ActiveCfg = Debug|Any CPU
		{46371E77-43ED-4B8A-8D35-7069861235EA}.Debug|Any CPU.Build.0 = Debug|Any CPU
		{46371E77-43ED-4B8A-8D35-7069861235EA}.Release|Any CPU.ActiveCfg = Release|Any CPU
		{46371E77-43ED-4B8A-8D35-7069861235EA}.Release|Any CPU.Build.0 = Release|Any CPU
		{3044BB67-A7D3-462B-B003-037E0606F2B6}.Debug|Any CPU.ActiveCfg = Debug|Any CPU
		{3044BB67-A7D3-462B-B003-037E0606F2B6}.Debug|Any CPU.Build.0 = Debug|Any CPU
		{3044BB67-A7D3-462B-B003-037E0606F2B6}.Release|Any CPU.ActiveCfg = Release|Any CPU
		{3044BB67-A7D3-462B-B003-037E0606F2B6}.Release|Any CPU.Build.0 = Release|Any CPU
	EndGlobalSection
	GlobalSection(SolutionProperties) = preSolution
		HideSolutionNode = FALSE
	EndGlobalSection
	GlobalSection(ExtensibilityGlobals) = postSolution
		SolutionGuid = {3222CBCF-A27B-43F0-B797-6318001978C3}
	EndGlobalSection
EndGlobal
